Microsoft Visual Studio Solution File, Format Version 12.00
# Visual Studio Version 17
VisualStudioVersion = 17.13.35931.197
MinimumVisualStudioVersion = 10.0.40219.1
Project("{FAE04EC0-301F-11D3-BF4B-00C04F79EFBC}") = "ODataV4Adaptor", "ODataV4Adaptor\ODataV4Adaptor\ODataV4Adaptor.csproj", "{6748E8A5-0B90-4D65-81C8-BED922C9EE39}"
EndProject
Project("{FAE04EC0-301F-11D3-BF4B-00C04F79EFBC}") = "ODataV4Adaptor.Client", "ODataV4Adaptor\ODataV4Adaptor.Client\ODataV4Adaptor.Client.csproj", "{603EA2A9-C091-40EB-8752-27EF3504E711}"
EndProject
Global
	GlobalSection(SolutionConfigurationPlatforms) = preSolution
		Debug|Any CPU = Debug|Any CPU
		Release|Any CPU = Release|Any CPU
	EndGlobalSection
	GlobalSection(ProjectConfigurationPlatforms) = postSolution
		{6748E8A5-0B90-4D65-81C8-BED922C9EE39}.Debug|Any CPU.ActiveCfg = Debug|Any CPU
		{6748E8A5-0B90-4D65-81C8-BED922C9EE39}.Debug|Any CPU.Build.0 = Debug|Any CPU
		{6748E8A5-0B90-4D65-81C8-BED922C9EE39}.Release|Any CPU.ActiveCfg = Release|Any CPU
		{6748E8A5-0B90-4D65-81C8-BED922C9EE39}.Release|Any CPU.Build.0 = Release|Any CPU
		{603EA2A9-C091-40EB-8752-27EF3504E711}.Debug|Any CPU.ActiveCfg = Debug|Any CPU
		{603EA2A9-C091-40EB-8752-27EF3504E711}.Debug|Any CPU.Build.0 = Debug|Any CPU
		{603EA2A9-C091-40EB-8752-27EF3504E711}.Release|Any CPU.ActiveCfg = Release|Any CPU
		{603EA2A9-C091-40EB-8752-27EF3504E711}.Release|Any CPU.Build.0 = Release|Any CPU
	EndGlobalSection
	GlobalSection(SolutionProperties) = preSolution
		HideSolutionNode = FALSE
	EndGlobalSection
	GlobalSection(ExtensibilityGlobals) = postSolution
		SolutionGuid = {102BBF49-5E18-438C-9F8B-BB407E30B4A9}
	EndGlobalSection
EndGlobal
