
Microsoft Visual Studio Solution File, Format Version 12.00
# Visual Studio Version 17
VisualStudioVersion = 17.7.34009.444
MinimumVisualStudioVersion = 10.0.40219.1
Project("{FAE04EC0-301F-11D3-BF4B-00C04F79EFBC}") = "BlazorApp1", "BlazorApp1.csproj", "{6A324E3D-FDD5-4282-B7C6-9F6D4D2F2502}"
EndProject
Global
	GlobalSection(SolutionConfigurationPlatforms) = preSolution
		Debug|Any CPU = Debug|Any CPU
		Release|Any CPU = Release|Any CPU
	EndGlobalSection
	GlobalSection(ProjectConfigurationPlatforms) = postSolution
		{6A324E3D-FDD5-4282-B7C6-9F6D4D2F2502}.Debug|Any CPU.ActiveCfg = Debug|Any CPU
		{6A324E3D-FDD5-4282-B7C6-9F6D4D2F2502}.Debug|Any CPU.Build.0 = Debug|Any CPU
		{6A324E3D-FDD5-4282-B7C6-9F6D4D2F2502}.Release|Any CPU.ActiveCfg = Release|Any CPU
		{6A324E3D-FDD5-4282-B7C6-9F6D4D2F2502}.Release|Any CPU.Build.0 = Release|Any CPU
	EndGlobalSection
	GlobalSection(SolutionProperties) = preSolution
		HideSolutionNode = FALSE
	EndGlobalSection
	GlobalSection(ExtensibilityGlobals) = postSolution
		SolutionGuid = {766B9A33-966A-48F8-A347-561927D95E01}
	EndGlobalSection
EndGlobal
